
Microsoft Visual Studio Solution File, Format Version 12.00
# Visual Studio Version 17
VisualStudioVersion = 17.4.33213.308
MinimumVisualStudioVersion = 10.0.40219.1
Project("{FAE04EC0-301F-11D3-BF4B-00C04F79EFBC}") = "BalatonCLI", "BalatonCLI\BalatonCLI.csproj", "{76102598-EF18-4ACD-B3AB-93ADAD6BBBFF}"
EndProject
Project("{FAE04EC0-301F-11D3-BF4B-00C04F79EFBC}") = "BalatonCLITests", "BalatonCLITests\BalatonCLITests.csproj", "{148A0EF4-1011-4BD9-AC53-146F3FEC53D3}"
EndProject
Global
	GlobalSection(SolutionConfigurationPlatforms) = preSolution
		Debug|Any CPU = Debug|Any CPU
		Release|Any CPU = Release|Any CPU
	EndGlobalSection
	GlobalSection(ProjectConfigurationPlatforms) = postSolution
		{76102598-EF18-4ACD-B3AB-93ADAD6BBBFF}.Debug|Any CPU.ActiveCfg = Debug|Any CPU
		{76102598-EF18-4ACD-B3AB-93ADAD6BBBFF}.Debug|Any CPU.Build.0 = Debug|Any CPU
		{76102598-EF18-4ACD-B3AB-93ADAD6BBBFF}.Release|Any CPU.ActiveCfg = Release|Any CPU
		{76102598-EF18-4ACD-B3AB-93ADAD6BBBFF}.Release|Any CPU.Build.0 = Release|Any CPU
		{148A0EF4-1011-4BD9-AC53-146F3FEC53D3}.Debug|Any CPU.ActiveCfg = Debug|Any CPU
		{148A0EF4-1011-4BD9-AC53-146F3FEC53D3}.Debug|Any CPU.Build.0 = Debug|Any CPU
		{148A0EF4-1011-4BD9-AC53-146F3FEC53D3}.Release|Any CPU.ActiveCfg = Release|Any CPU
		{148A0EF4-1011-4BD9-AC53-146F3FEC53D3}.Release|Any CPU.Build.0 = Release|Any CPU
	EndGlobalSection
	GlobalSection(SolutionProperties) = preSolution
		HideSolutionNode = FALSE
	EndGlobalSection
	GlobalSection(ExtensibilityGlobals) = postSolution
		SolutionGuid = {72A5182F-362C-4E05-8BDC-234267EF0920}
	EndGlobalSection
EndGlobal
